
Microsoft Visual Studio Solution File, Format Version 12.00
# Visual Studio 15
VisualStudioVersion = 15.0.27004.2002
MinimumVisualStudioVersion = 10.0.40219.1
Project("{FAE04EC0-301F-11D3-BF4B-00C04F79EFBC}") = "HuaJuSolution", "HuaJuSolution\HuaJuSolution.csproj", "{E1DD741D-3CC5-48E6-8E27-B40B12B64ADD}"
EndProject
Global
	GlobalSection(SolutionConfigurationPlatforms) = preSolution
		Debug|Any CPU = Debug|Any CPU
		Release|Any CPU = Release|Any CPU
	EndGlobalSection
	GlobalSection(ProjectConfigurationPlatforms) = postSolution
		{E1DD741D-3CC5-48E6-8E27-B40B12B64ADD}.Debug|Any CPU.ActiveCfg = Debug|Any CPU
		{E1DD741D-3CC5-48E6-8E27-B40B12B64ADD}.Debug|Any CPU.Build.0 = Debug|Any CPU
		{E1DD741D-3CC5-48E6-8E27-B40B12B64ADD}.Release|Any CPU.ActiveCfg = Release|Any CPU
		{E1DD741D-3CC5-48E6-8E27-B40B12B64ADD}.Release|Any CPU.Build.0 = Release|Any CPU
	EndGlobalSection
	GlobalSection(SolutionProperties) = preSolution
		HideSolutionNode = FALSE
	EndGlobalSection
	GlobalSection(ExtensibilityGlobals) = postSolution
		SolutionGuid = {C452E8ED-3769-4663-B093-C25110822594}
	EndGlobalSection
EndGlobal
